
Microsoft Visual Studio Solution File, Format Version 12.00
# Visual Studio Version 16
VisualStudioVersion = 16.0.31729.503
MinimumVisualStudioVersion = 10.0.40219.1
Project("{9A19103F-16F7-4668-BE54-9A1E7A4F7556}") = "YourShoppee", "YourShoppee\YourShoppee.csproj", "{33471517-F927-4F03-B755-406EFD7128CF}"
EndProject
Project("{FAE04EC0-301F-11D3-BF4B-00C04F79EFBC}") = "YourShoppee.Models", "YourShoppee.Models\YourShoppee.Models.csproj", "{18DBD9E2-6207-458A-833C-AC5FB6EB808F}"
EndProject
Project("{FAE04EC0-301F-11D3-BF4B-00C04F79EFBC}") = "YourShoppee.MvcWeb", "YourShoppee.MvcWeb\YourShoppee.MvcWeb.csproj", "{369BEC1F-0370-40EC-8CE8-0B79DFDA13E4}"
EndProject
Global
	GlobalSection(SolutionConfigurationPlatforms) = preSolution
		Debug|Any CPU = Debug|Any CPU
		Release|Any CPU = Release|Any CPU
	EndGlobalSection
	GlobalSection(ProjectConfigurationPlatforms) = postSolution
		{33471517-F927-4F03-B755-406EFD7128CF}.Debug|Any CPU.ActiveCfg = Debug|Any CPU
		{33471517-F927-4F03-B755-406EFD7128CF}.Debug|Any CPU.Build.0 = Debug|Any CPU
		{33471517-F927-4F03-B755-406EFD7128CF}.Release|Any CPU.ActiveCfg = Release|Any CPU
		{33471517-F927-4F03-B755-406EFD7128CF}.Release|Any CPU.Build.0 = Release|Any CPU
		{18DBD9E2-6207-458A-833C-AC5FB6EB808F}.Debug|Any CPU.ActiveCfg = Debug|Any CPU
		{18DBD9E2-6207-458A-833C-AC5FB6EB808F}.Debug|Any CPU.Build.0 = Debug|Any CPU
		{18DBD9E2-6207-458A-833C-AC5FB6EB808F}.Release|Any CPU.ActiveCfg = Release|Any CPU
		{18DBD9E2-6207-458A-833C-AC5FB6EB808F}.Release|Any CPU.Build.0 = Release|Any CPU
		{369BEC1F-0370-40EC-8CE8-0B79DFDA13E4}.Debug|Any CPU.ActiveCfg = Debug|Any CPU
		{369BEC1F-0370-40EC-8CE8-0B79DFDA13E4}.Debug|Any CPU.Build.0 = Debug|Any CPU
		{369BEC1F-0370-40EC-8CE8-0B79DFDA13E4}.Release|Any CPU.ActiveCfg = Release|Any CPU
		{369BEC1F-0370-40EC-8CE8-0B79DFDA13E4}.Release|Any CPU.Build.0 = Release|Any CPU
	EndGlobalSection
	GlobalSection(SolutionProperties) = preSolution
		HideSolutionNode = FALSE
	EndGlobalSection
	GlobalSection(ExtensibilityGlobals) = postSolution
		SolutionGuid = {632F495A-41B8-4DD5-BC21-051EC12188C9}
	EndGlobalSection
EndGlobal
